{
	"name": "sample-plugin",
	"version": "1.0.0",
	"lockfileVersion": 3,
	"requires": true,
	"packages": {
		"": {
			"name": "sample-plugin",
			"version": "1.0.0",
			"license": "MIT",
			"dependencies": {
				"@serenityjs/block": "^0.1.0-beta.9",
				"@serenityjs/command": "^0.1.0-beta.9",
				"@serenityjs/entity": "^0.1.0-beta.9",
				"@serenityjs/item": "^0.1.0-beta.9",
				"@serenityjs/launcher": "^0.1.0-beta.9",
				"@serenityjs/logger": "^0.1.0-beta.9",
				"@serenityjs/nbt": "^0.1.0-beta.9",
				"@serenityjs/plugins": "^0.1.0-beta.9",
				"@serenityjs/protocol": "^0.1.0-beta.9",
				"@serenityjs/world": "^0.1.0-beta.9"
			},
			"devDependencies": {
				"ts-node": "^10.9.2",
				"typescript": "^5.4.2"
			}
		},
		"node_modules/@cspotcode/source-map-support": {
			"version": "0.8.1",
			"resolved": "https://registry.npmjs.org/@cspotcode/source-map-support/-/source-map-support-0.8.1.tgz",
			"integrity": "sha512-IchNf6dN4tHoMFIn/7OE8LWZ19Y6q/67Bmf6vnGREv8RSbBVb9LPJxEcnwrcwX6ixSvaiGoomAUvu4YSxXrVgw==",
			"dev": true,
			"dependencies": {
				"@jridgewell/trace-mapping": "0.3.9"
			},
			"engines": {
				"node": ">=12"
			}
		},
		"node_modules/@jridgewell/resolve-uri": {
			"version": "3.1.2",
			"resolved": "https://registry.npmjs.org/@jridgewell/resolve-uri/-/resolve-uri-3.1.2.tgz",
			"integrity": "sha512-bRISgCIjP20/tbWSPWMEi54QVPRZExkuD9lJL+UIxUKtwVJA8wW1Trb1jMs1RFXo1CBTNZ/5hpC9QvmKWdopKw==",
			"dev": true,
			"engines": {
				"node": ">=6.0.0"
			}
		},
		"node_modules/@jridgewell/sourcemap-codec": {
			"version": "1.4.15",
			"resolved": "https://registry.npmjs.org/@jridgewell/sourcemap-codec/-/sourcemap-codec-1.4.15.tgz",
			"integrity": "sha512-eF2rxCRulEKXHTRiDrDy6erMYWqNw4LPdQ8UQA4huuxaQsVeRPFl2oM8oDGxMFhJUWZf9McpLtJasDDZb/Bpeg==",
			"dev": true
		},
		"node_modules/@jridgewell/trace-mapping": {
			"version": "0.3.9",
			"resolved": "https://registry.npmjs.org/@jridgewell/trace-mapping/-/trace-mapping-0.3.9.tgz",
			"integrity": "sha512-3Belt6tdc8bPgAtbcmdtNJlirVoTmEb5e2gC94PnkwEW9jI6CAHUeoG85tjWP5WquqfavoMtMwiG4P926ZKKuQ==",
			"dev": true,
			"dependencies": {
				"@jridgewell/resolve-uri": "^3.0.3",
				"@jridgewell/sourcemap-codec": "^1.4.10"
			}
		},
		"node_modules/@lukeed/ms": {
			"version": "2.0.2",
			"resolved": "https://registry.npmjs.org/@lukeed/ms/-/ms-2.0.2.tgz",
			"integrity": "sha512-9I2Zn6+NJLfaGoz9jN3lpwDgAYvfGeNYdbAIjJOqzs4Tpc+VU3Jqq4IofSUBKajiDS8k9fZIg18/z13mpk1bsA==",
			"engines": {
				"node": ">=8"
			}
		},
		"node_modules/@serenityjs/binarystream": {
			"version": "2.5.2",
			"resolved": "https://registry.npmjs.org/@serenityjs/binarystream/-/binarystream-2.5.2.tgz",
			"integrity": "sha512-hK3DT/cK/6lL6KJSkg0EWXM/f0HyRheSuRi9UGmvs7aOQ7Hoa+BvfT0dCX7kByizPmT0AAZ7j8fb7yA2LmF6yA==",
			"engines": {
				"node": ">= 10"
			},
			"optionalDependencies": {
				"@serenityjs/binarystream-darwin-x64": "2.5.2",
				"@serenityjs/binarystream-linux-x64-gnu": "2.5.2",
				"@serenityjs/binarystream-win32-x64-msvc": "2.5.2"
			}
		},
		"node_modules/@serenityjs/binarystream-darwin-x64": {
			"version": "2.5.2",
			"resolved": "https://registry.npmjs.org/@serenityjs/binarystream-darwin-x64/-/binarystream-darwin-x64-2.5.2.tgz",
			"integrity": "sha512-9OiOzu7eQoeCMBJkl9qtQyerJDThajpw9NJVEMexSrNcq+NlkL6upgSOdPU8l9oZzQ6O41QyXAZRc8FEgYhd5Q==",
			"cpu": [
				"x64"
			],
			"optional": true,
			"os": [
				"darwin"
			],
			"engines": {
				"node": ">= 10"
			}
		},
		"node_modules/@serenityjs/binarystream-linux-x64-gnu": {
			"version": "2.5.2",
			"resolved": "https://registry.npmjs.org/@serenityjs/binarystream-linux-x64-gnu/-/binarystream-linux-x64-gnu-2.5.2.tgz",
			"integrity": "sha512-+N5UUZgi+SPa/8IbuVzOSbLdvesQA9/77iPbW/95jyFnze2nGjcRAZaJAKGpV6+JV1hjpq0PczMhRO1BLHK2og==",
			"cpu": [
				"x64"
			],
			"optional": true,
			"os": [
				"linux"
			],
			"engines": {
				"node": ">= 10"
			}
		},
		"node_modules/@serenityjs/binarystream-win32-x64-msvc": {
			"version": "2.5.2",
			"resolved": "https://registry.npmjs.org/@serenityjs/binarystream-win32-x64-msvc/-/binarystream-win32-x64-msvc-2.5.2.tgz",
			"integrity": "sha512-m+cNF84y7Zy4rbQdGxH0iH1RaW612/Kikpqsh7UQLUtSxor4ktV0UykN2lUv/ys0tIMGwxIJG5bbcyyYVBnuVw==",
			"cpu": [
				"x64"
			],
			"optional": true,
			"os": [
				"win32"
			],
			"engines": {
				"node": ">= 10"
			}
		},
		"node_modules/@serenityjs/block": {
			"version": "0.1.0-beta.9",
			"resolved": "https://registry.npmjs.org/@serenityjs/block/-/block-0.1.0-beta.9.tgz",
			"integrity": "sha512-0pgdtCwpiaVkE6nZjmUFS+j/ESBTiMPv0CLhL7fINxkKoCVWf+sT6ijR/6J2O1DtgRLK8xm/dV3za8jm3ncN8g==",
			"dependencies": {
				"@serenityjs/binarystream": "^2.5.2",
				"@serenityjs/data": "0.1.0-beta.9",
				"@serenityjs/nbt": "0.1.0-beta.9"
			}
		},
		"node_modules/@serenityjs/command": {
			"version": "0.1.0-beta.9",
			"resolved": "https://registry.npmjs.org/@serenityjs/command/-/command-0.1.0-beta.9.tgz",
			"integrity": "sha512-UaOVHBmEPMlmYFX+2Z+Z9KrexEAF0+mHnecBu55egtJCJqZjWpU/wtWVZRLs4ZFTJNzxo72B8R7jFT++cYqtYQ==",
			"dependencies": {
				"@serenityjs/logger": "0.1.0-beta.9",
				"@serenityjs/world": "0.1.0-beta.9"
			}
		},
		"node_modules/@serenityjs/data": {
			"version": "0.1.0-beta.9",
			"resolved": "https://registry.npmjs.org/@serenityjs/data/-/data-0.1.0-beta.9.tgz",
			"integrity": "sha512-VNqG4Wh9yjibIZKRy5tnlqC/pzt10nLpc99NSN2WRZLK/H00P+llx25Q7Bo28QUIYLXmc2D+JC+BxRma6tZuKw=="
		},
		"node_modules/@serenityjs/emitter": {
			"version": "0.1.0-beta.9",
			"resolved": "https://registry.npmjs.org/@serenityjs/emitter/-/emitter-0.1.0-beta.9.tgz",
			"integrity": "sha512-Hr7OLlAfj+qUdGrsQ/CGgNZmTQiFyR9nL0AMMCEe1cZ7bp4WhUnIXyK0Unm6N+bTiktBadpO/c/21GxswIttaQ=="
		},
		"node_modules/@serenityjs/entity": {
			"version": "0.1.0-beta.9",
			"resolved": "https://registry.npmjs.org/@serenityjs/entity/-/entity-0.1.0-beta.9.tgz",
			"integrity": "sha512-rSovqIIEI/QXrhxwoguktfhhYsqDCGDa9Ao4wSVF5aZ9JPdOKUpFcALkdjkuWraoeSYfi/eVOgNkIKlQHOSxbA==",
			"dependencies": {
				"@serenityjs/data": "0.1.0-beta.9"
			}
		},
		"node_modules/@serenityjs/item": {
			"version": "0.1.0-beta.9",
			"resolved": "https://registry.npmjs.org/@serenityjs/item/-/item-0.1.0-beta.9.tgz",
			"integrity": "sha512-BMSjfHsVA/7xtQfFsZZfteu1/9wB6ALKt27bP+PGf40RBfsptKmO9L0lqu5WEMIIUaVEO5HbYDnkH7GGtp5Ugw==",
			"dependencies": {
				"@serenityjs/binarystream": "^2.5.2",
				"@serenityjs/block": "0.1.0-beta.9",
				"@serenityjs/data": "0.1.0-beta.9",
				"@serenityjs/nbt": "0.1.0-beta.9",
				"@serenityjs/protocol": "0.1.0-beta.9"
			}
		},
		"node_modules/@serenityjs/launcher": {
			"version": "0.1.0-beta.9",
			"resolved": "https://registry.npmjs.org/@serenityjs/launcher/-/launcher-0.1.0-beta.9.tgz",
			"integrity": "sha512-pc+y7judltZzSvySqHRyhZEnnIRyP3l5JwzBJDjMM1Q/Mk+XPGTAuRAmt6ZTat+Up14BPCNJ8BQ+oNX0SoGQlg==",
			"dependencies": {
				"@serenityjs/binarystream": "^2.5.2",
				"@serenityjs/block": "0.1.0-beta.9",
				"@serenityjs/command": "0.1.0-beta.9",
				"@serenityjs/data": "0.1.0-beta.9",
				"@serenityjs/emitter": "0.1.0-beta.9",
				"@serenityjs/entity": "0.1.0-beta.9",
				"@serenityjs/item": "0.1.0-beta.9",
				"@serenityjs/logger": "0.1.0-beta.9",
				"@serenityjs/nbt": "0.1.0-beta.9",
				"@serenityjs/network": "0.1.0-beta.9",
				"@serenityjs/plugins": "0.1.0-beta.9",
				"@serenityjs/protocol": "0.1.0-beta.9",
				"@serenityjs/raknet": "0.1.0-beta.9",
				"@serenityjs/world": "0.1.0-beta.9",
				"fast-jwt": "^4.0.0",
				"moment": "^2.30.1",
				"simplex-noise": "^4.0.1",
				"yaml": "^2.4.1"
			}
		},
		"node_modules/@serenityjs/logger": {
			"version": "0.1.0-beta.9",
			"resolved": "https://registry.npmjs.org/@serenityjs/logger/-/logger-0.1.0-beta.9.tgz",
			"integrity": "sha512-25r4l3GuPKs0rdir79lbMJueK8gzfSv8LYRB9U7CXb29PEvl3rQQK0g21BzAkX3ssox8ZtMfvP42UtQ+9JJbrA==",
			"dependencies": {
				"colorette": "^2.0.20"
			}
		},
		"node_modules/@serenityjs/nbt": {
			"version": "0.1.0-beta.9",
			"resolved": "https://registry.npmjs.org/@serenityjs/nbt/-/nbt-0.1.0-beta.9.tgz",
			"integrity": "sha512-WewX0JLa32Tdo5ZQGxoc5VFF0xv2NAeW694t/fUo4/Pj3J8Oga/vfFtBhoiOxjyRC6MVukP7pi5tGa2ZE+2prQ==",
			"dependencies": {
				"@serenityjs/binarystream": "^2.5.2"
			}
		},
		"node_modules/@serenityjs/network": {
			"version": "0.1.0-beta.9",
			"resolved": "https://registry.npmjs.org/@serenityjs/network/-/network-0.1.0-beta.9.tgz",
			"integrity": "sha512-WYQ9cXcMKm+4IRMbpYmaliMfkxuCin7Q39w7FTpFmG23lA8Gm3a/zE9hzeTrEdfdmRm+NZo0V515QGVGPX34Iw==",
			"dependencies": {
				"@serenityjs/emitter": "0.1.0-beta.9",
				"@serenityjs/logger": "0.1.0-beta.9",
				"@serenityjs/protocol": "0.1.0-beta.9",
				"@serenityjs/raknet": "0.1.0-beta.9"
			}
		},
		"node_modules/@serenityjs/plugins": {
			"version": "0.1.0-beta.9",
			"resolved": "https://registry.npmjs.org/@serenityjs/plugins/-/plugins-0.1.0-beta.9.tgz",
			"integrity": "sha512-NOzSasffkgq779oGPd36FIfCAHpt9JmJO0w5bALPWnIuOJO0E9UNpzdT4j1Dccqjd9azZ7T1muJ1dGETSF82qg==",
			"dependencies": {
				"@serenityjs/logger": "0.1.0-beta.9"
			}
		},
		"node_modules/@serenityjs/protocol": {
			"version": "0.1.0-beta.9",
			"resolved": "https://registry.npmjs.org/@serenityjs/protocol/-/protocol-0.1.0-beta.9.tgz",
			"integrity": "sha512-Bm58PAXuDVQ9qn+wJqo0IliX5xPsxTqfk4gIgoURyP+0zrLQrtJqmDZMiev5BzSGpqReiAJAU7fbfH+wqvSN1w==",
			"dependencies": {
				"@serenityjs/binarystream": "^2.5.2",
				"@serenityjs/nbt": "0.1.0-beta.9",
				"@serenityjs/raknet": "0.1.0-beta.9"
			}
		},
		"node_modules/@serenityjs/raknet": {
			"version": "0.1.0-beta.9",
			"resolved": "https://registry.npmjs.org/@serenityjs/raknet/-/raknet-0.1.0-beta.9.tgz",
			"integrity": "sha512-n3qWmHp4Are3yA33SoTDHssXLV5U99S+TYQObVKvWsMhe0kQAF9FI5mmrRblBiMRZ1bIxaJticrPO3S8z0f9jQ==",
			"dependencies": {
				"@serenityjs/binarystream": "^2.5.2",
				"@serenityjs/emitter": "0.1.0-beta.9",
				"@serenityjs/logger": "0.1.0-beta.9",
				"reflect-metadata": "^0.2.1"
			}
		},
		"node_modules/@serenityjs/world": {
			"version": "0.1.0-beta.9",
			"resolved": "https://registry.npmjs.org/@serenityjs/world/-/world-0.1.0-beta.9.tgz",
			"integrity": "sha512-06ayt6clxvCQrU4CPXgdQ67MQo6bEZOPHYXJZeND7EtquT/HJLWcdcNGXcmRPwAZdzZevOmRihKalJ2UO/aeug==",
			"dependencies": {
				"@serenityjs/binarystream": "^2.5.2",
				"@serenityjs/block": "0.1.0-beta.9",
				"@serenityjs/data": "0.1.0-beta.9",
				"@serenityjs/emitter": "0.1.0-beta.9",
				"@serenityjs/entity": "0.1.0-beta.9",
				"@serenityjs/item": "0.1.0-beta.9",
				"@serenityjs/logger": "0.1.0-beta.9",
				"@serenityjs/nbt": "0.1.0-beta.9",
				"@serenityjs/network": "0.1.0-beta.9",
				"@serenityjs/protocol": "0.1.0-beta.9",
				"simplex-noise": "^4.0.1"
			}
		},
		"node_modules/@tsconfig/node10": {
			"version": "1.0.11",
			"resolved": "https://registry.npmjs.org/@tsconfig/node10/-/node10-1.0.11.tgz",
			"integrity": "sha512-DcRjDCujK/kCk/cUe8Xz8ZSpm8mS3mNNpta+jGCA6USEDfktlNvm1+IuZ9eTcDbNk41BHwpHHeW+N1lKCz4zOw==",
			"dev": true
		},
		"node_modules/@tsconfig/node12": {
			"version": "1.0.11",
			"resolved": "https://registry.npmjs.org/@tsconfig/node12/-/node12-1.0.11.tgz",
			"integrity": "sha512-cqefuRsh12pWyGsIoBKJA9luFu3mRxCA+ORZvA4ktLSzIuCUtWVxGIuXigEwO5/ywWFMZ2QEGKWvkZG1zDMTag==",
			"dev": true
		},
		"node_modules/@tsconfig/node14": {
			"version": "1.0.3",
			"resolved": "https://registry.npmjs.org/@tsconfig/node14/-/node14-1.0.3.tgz",
			"integrity": "sha512-ysT8mhdixWK6Hw3i1V2AeRqZ5WfXg1G43mqoYlM2nc6388Fq5jcXyr5mRsqViLx/GJYdoL0bfXD8nmF+Zn/Iow==",
			"dev": true
		},
		"node_modules/@tsconfig/node16": {
			"version": "1.0.4",
			"resolved": "https://registry.npmjs.org/@tsconfig/node16/-/node16-1.0.4.tgz",
			"integrity": "sha512-vxhUy4J8lyeyinH7Azl1pdd43GJhZH/tP2weN8TntQblOY+A0XbT8DJk1/oCPuOOyg/Ja757rG0CgHcWC8OfMA==",
			"dev": true
		},
		"node_modules/@types/node": {
			"version": "20.12.7",
			"resolved": "https://registry.npmjs.org/@types/node/-/node-20.12.7.tgz",
			"integrity": "sha512-wq0cICSkRLVaf3UGLMGItu/PtdY7oaXaI/RVU+xliKVOtRna3PRY57ZDfztpDL0n11vfymMUnXv8QwYCO7L1wg==",
			"dev": true,
			"peer": true,
			"dependencies": {
				"undici-types": "~5.26.4"
			}
		},
		"node_modules/acorn": {
			"version": "8.11.3",
			"resolved": "https://registry.npmjs.org/acorn/-/acorn-8.11.3.tgz",
			"integrity": "sha512-Y9rRfJG5jcKOE0CLisYbojUjIrIEE7AGMzA/Sm4BslANhbS+cDMpgBdcPT91oJ7OuJ9hYJBx59RjbhxVnrF8Xg==",
			"dev": true,
			"bin": {
				"acorn": "bin/acorn"
			},
			"engines": {
				"node": ">=0.4.0"
			}
		},
		"node_modules/acorn-walk": {
			"version": "8.3.2",
			"resolved": "https://registry.npmjs.org/acorn-walk/-/acorn-walk-8.3.2.tgz",
			"integrity": "sha512-cjkyv4OtNCIeqhHrfS81QWXoCBPExR/J62oyEqepVw8WaQeSqpW2uhuLPh1m9eWhDuOo/jUXVTlifvesOWp/4A==",
			"dev": true,
			"engines": {
				"node": ">=0.4.0"
			}
		},
		"node_modules/arg": {
			"version": "4.1.3",
			"resolved": "https://registry.npmjs.org/arg/-/arg-4.1.3.tgz",
			"integrity": "sha512-58S9QDqG0Xx27YwPSt9fJxivjYl432YCwfDMfZ+71RAqUrZef7LrKQZ3LHLOwCS4FLNBplP533Zx895SeOCHvA==",
			"dev": true
		},
		"node_modules/asn1.js": {
			"version": "5.4.1",
			"resolved": "https://registry.npmjs.org/asn1.js/-/asn1.js-5.4.1.tgz",
			"integrity": "sha512-+I//4cYPccV8LdmBLiX8CYvf9Sp3vQsrqu2QNXRcrbiWvcx/UdlFiqUJJzxRQxgsZmvhXhn4cSKeSmoFjVdupA==",
			"dependencies": {
				"bn.js": "^4.0.0",
				"inherits": "^2.0.1",
				"minimalistic-assert": "^1.0.0",
				"safer-buffer": "^2.1.0"
			}
		},
		"node_modules/bn.js": {
			"version": "4.12.0",
			"resolved": "https://registry.npmjs.org/bn.js/-/bn.js-4.12.0.tgz",
			"integrity": "sha512-c98Bf3tPniI+scsdk237ku1Dc3ujXQTSgyiPUDEOe7tRkhrqridvh8klBv0HCEso1OLOYcHuCv/cS6DNxKH+ZA=="
		},
		"node_modules/colorette": {
			"version": "2.0.20",
			"resolved": "https://registry.npmjs.org/colorette/-/colorette-2.0.20.tgz",
			"integrity": "sha512-IfEDxwoWIjkeXL1eXcDiow4UbKjhLdq6/EuSVR9GMN7KVH3r9gQ83e73hsz1Nd1T3ijd5xv1wcWRYO+D6kCI2w=="
		},
		"node_modules/create-require": {
			"version": "1.1.1",
			"resolved": "https://registry.npmjs.org/create-require/-/create-require-1.1.1.tgz",
			"integrity": "sha512-dcKFX3jn0MpIaXjisoRvexIJVEKzaq7z2rZKxf+MSr9TkdmHmsU4m2lcLojrj/FHl8mk5VxMmYA+ftRkP/3oKQ==",
			"dev": true
		},
		"node_modules/diff": {
			"version": "4.0.2",
			"resolved": "https://registry.npmjs.org/diff/-/diff-4.0.2.tgz",
			"integrity": "sha512-58lmxKSA4BNyLz+HHMUzlOEpg09FV+ev6ZMe3vJihgdxzgcwZ8VoEEPmALCZG9LmqfVoNMMKpttIYTVG6uDY7A==",
			"dev": true,
			"engines": {
				"node": ">=0.3.1"
			}
		},
		"node_modules/ecdsa-sig-formatter": {
			"version": "1.0.11",
			"resolved": "https://registry.npmjs.org/ecdsa-sig-formatter/-/ecdsa-sig-formatter-1.0.11.tgz",
			"integrity": "sha512-nagl3RYrbNv6kQkeJIpt6NJZy8twLB/2vtz6yN9Z4vRKHN4/QZJIEbqohALSgwKdnksuY3k5Addp5lg8sVoVcQ==",
			"dependencies": {
				"safe-buffer": "^5.0.1"
			}
		},
		"node_modules/fast-jwt": {
			"version": "4.0.0",
			"resolved": "https://registry.npmjs.org/fast-jwt/-/fast-jwt-4.0.0.tgz",
			"integrity": "sha512-CnI93Tmk7eSzfw4e0Jlc5ZcWiN+/zK7xAKAhtXS8PAcKmYqfcXqxJl1hMyhk3iEt0M9JLo7DCYRDV2XcIacWAw==",
			"dependencies": {
				"@lukeed/ms": "^2.0.1",
				"asn1.js": "^5.4.1",
				"ecdsa-sig-formatter": "^1.0.11",
				"mnemonist": "^0.39.5"
			},
			"engines": {
				"node": ">=16 <22"
			}
		},
		"node_modules/inherits": {
			"version": "2.0.4",
			"resolved": "https://registry.npmjs.org/inherits/-/inherits-2.0.4.tgz",
			"integrity": "sha512-k/vGaX4/Yla3WzyMCvTQOXYeIHvqOKtnqBduzTHpzpQZzAskKMhZ2K+EnBiSM9zGSoIFeMpXKxa4dYeZIQqewQ=="
		},
		"node_modules/make-error": {
			"version": "1.3.6",
			"resolved": "https://registry.npmjs.org/make-error/-/make-error-1.3.6.tgz",
			"integrity": "sha512-s8UhlNe7vPKomQhC1qFelMokr/Sc3AgNbso3n74mVPA5LTZwkB9NlXf4XPamLxJE8h0gh73rM94xvwRT2CVInw==",
			"dev": true
		},
		"node_modules/minimalistic-assert": {
			"version": "1.0.1",
			"resolved": "https://registry.npmjs.org/minimalistic-assert/-/minimalistic-assert-1.0.1.tgz",
			"integrity": "sha512-UtJcAD4yEaGtjPezWuO9wC4nwUnVH/8/Im3yEHQP4b67cXlD/Qr9hdITCU1xDbSEXg2XKNaP8jsReV7vQd00/A=="
		},
		"node_modules/mnemonist": {
			"version": "0.39.8",
			"resolved": "https://registry.npmjs.org/mnemonist/-/mnemonist-0.39.8.tgz",
			"integrity": "sha512-vyWo2K3fjrUw8YeeZ1zF0fy6Mu59RHokURlld8ymdUPjMlD9EC9ov1/YPqTgqRvUN9nTr3Gqfz29LYAmu0PHPQ==",
			"dependencies": {
				"obliterator": "^2.0.1"
			}
		},
		"node_modules/moment": {
			"version": "2.30.1",
			"resolved": "https://registry.npmjs.org/moment/-/moment-2.30.1.tgz",
			"integrity": "sha512-uEmtNhbDOrWPFS+hdjFCBfy9f2YoyzRpwcl+DqpC6taX21FzsTLQVbMV/W7PzNSX6x/bhC1zA3c2UQ5NzH6how==",
			"engines": {
				"node": "*"
			}
		},
		"node_modules/obliterator": {
			"version": "2.0.4",
			"resolved": "https://registry.npmjs.org/obliterator/-/obliterator-2.0.4.tgz",
			"integrity": "sha512-lgHwxlxV1qIg1Eap7LgIeoBWIMFibOjbrYPIPJZcI1mmGAI2m3lNYpK12Y+GBdPQ0U1hRwSord7GIaawz962qQ=="
		},
		"node_modules/reflect-metadata": {
			"version": "0.2.2",
			"resolved": "https://registry.npmjs.org/reflect-metadata/-/reflect-metadata-0.2.2.tgz",
			"integrity": "sha512-urBwgfrvVP/eAyXx4hluJivBKzuEbSQs9rKWCrCkbSxNv8mxPcUZKeuoF3Uy4mJl3Lwprp6yy5/39VWigZ4K6Q=="
		},
		"node_modules/safe-buffer": {
			"version": "5.2.1",
			"resolved": "https://registry.npmjs.org/safe-buffer/-/safe-buffer-5.2.1.tgz",
			"integrity": "sha512-rp3So07KcdmmKbGvgaNxQSJr7bGVSVk5S9Eq1F+ppbRo70+YeaDxkw5Dd8NPN+GD6bjnYm2VuPuCXmpuYvmCXQ==",
			"funding": [
				{
					"type": "github",
					"url": "https://github.com/sponsors/feross"
				},
				{
					"type": "patreon",
					"url": "https://www.patreon.com/feross"
				},
				{
					"type": "consulting",
					"url": "https://feross.org/support"
				}
			]
		},
		"node_modules/safer-buffer": {
			"version": "2.1.2",
			"resolved": "https://registry.npmjs.org/safer-buffer/-/safer-buffer-2.1.2.tgz",
			"integrity": "sha512-YZo3K82SD7Riyi0E1EQPojLz7kpepnSQI9IyPbHHg1XXXevb5dJI7tpyN2ADxGcQbHG7vcyRHk0cbwqcQriUtg=="
		},
		"node_modules/simplex-noise": {
			"version": "4.0.1",
			"resolved": "https://registry.npmjs.org/simplex-noise/-/simplex-noise-4.0.1.tgz",
			"integrity": "sha512-zl/+bdSqW7HJOQ0oDbxrNYaF4F5ik0i7M6YOYmEoIJNtg16NpvWaTTM1Y7oV/7T0jFljawLgYPS81Uu2rsfo1A=="
		},
		"node_modules/ts-node": {
			"version": "10.9.2",
			"resolved": "https://registry.npmjs.org/ts-node/-/ts-node-10.9.2.tgz",
			"integrity": "sha512-f0FFpIdcHgn8zcPSbf1dRevwt047YMnaiJM3u2w2RewrB+fob/zePZcrOyQoLMMO7aBIddLcQIEK5dYjkLnGrQ==",
			"dev": true,
			"dependencies": {
				"@cspotcode/source-map-support": "^0.8.0",
				"@tsconfig/node10": "^1.0.7",
				"@tsconfig/node12": "^1.0.7",
				"@tsconfig/node14": "^1.0.0",
				"@tsconfig/node16": "^1.0.2",
				"acorn": "^8.4.1",
				"acorn-walk": "^8.1.1",
				"arg": "^4.1.0",
				"create-require": "^1.1.0",
				"diff": "^4.0.1",
				"make-error": "^1.1.1",
				"v8-compile-cache-lib": "^3.0.1",
				"yn": "3.1.1"
			},
			"bin": {
				"ts-node": "dist/bin.js",
				"ts-node-cwd": "dist/bin-cwd.js",
				"ts-node-esm": "dist/bin-esm.js",
				"ts-node-script": "dist/bin-script.js",
				"ts-node-transpile-only": "dist/bin-transpile.js",
				"ts-script": "dist/bin-script-deprecated.js"
			},
			"peerDependencies": {
				"@swc/core": ">=1.2.50",
				"@swc/wasm": ">=1.2.50",
				"@types/node": "*",
				"typescript": ">=2.7"
			},
			"peerDependenciesMeta": {
				"@swc/core": {
					"optional": true
				},
				"@swc/wasm": {
					"optional": true
				}
			}
		},
		"node_modules/typescript": {
			"version": "5.4.5",
			"resolved": "https://registry.npmjs.org/typescript/-/typescript-5.4.5.tgz",
			"integrity": "sha512-vcI4UpRgg81oIRUFwR0WSIHKt11nJ7SAVlYNIu+QpqeyXP+gpQJy/Z4+F0aGxSE4MqwjyXvW/TzgkLAx2AGHwQ==",
			"dev": true,
			"bin": {
				"tsc": "bin/tsc",
				"tsserver": "bin/tsserver"
			},
			"engines": {
				"node": ">=14.17"
			}
		},
		"node_modules/undici-types": {
			"version": "5.26.5",
			"resolved": "https://registry.npmjs.org/undici-types/-/undici-types-5.26.5.tgz",
			"integrity": "sha512-JlCMO+ehdEIKqlFxk6IfVoAUVmgz7cU7zD/h9XZ0qzeosSHmUJVOzSQvvYSYWXkFXC+IfLKSIffhv0sVZup6pA==",
			"dev": true,
			"peer": true
		},
		"node_modules/v8-compile-cache-lib": {
			"version": "3.0.1",
			"resolved": "https://registry.npmjs.org/v8-compile-cache-lib/-/v8-compile-cache-lib-3.0.1.tgz",
			"integrity": "sha512-wa7YjyUGfNZngI/vtK0UHAN+lgDCxBPCylVXGp0zu59Fz5aiGtNXaq3DhIov063MorB+VfufLh3JlF2KdTK3xg==",
			"dev": true
		},
		"node_modules/yaml": {
			"version": "2.4.1",
			"resolved": "https://registry.npmjs.org/yaml/-/yaml-2.4.1.tgz",
			"integrity": "sha512-pIXzoImaqmfOrL7teGUBt/T7ZDnyeGBWyXQBvOVhLkWLN37GXv8NMLK406UY6dS51JfcQHsmcW5cJ441bHg6Lg==",
			"bin": {
				"yaml": "bin.mjs"
			},
			"engines": {
				"node": ">= 14"
			}
		},
		"node_modules/yn": {
			"version": "3.1.1",
			"resolved": "https://registry.npmjs.org/yn/-/yn-3.1.1.tgz",
			"integrity": "sha512-Ux4ygGWsu2c7isFWe8Yu1YluJmqVhxqK2cLXNQA5AcC3QfbGNpM7fu0Y8b/z16pXLnFxZYvWhd3fhBY9DLmC6Q==",
			"dev": true,
			"engines": {
				"node": ">=6"
			}
		}
	}
}
