{
	"name": "sample-plugin",
	"version": "1.0.0",
	"lockfileVersion": 3,
	"requires": true,
	"packages": {
		"": {
			"name": "sample-plugin",
			"version": "1.0.0",
			"license": "MIT",
			"dependencies": {
				"@serenityjs/block": "^0.1.0-beta.8",
				"@serenityjs/command": "^0.1.0-beta.8",
				"@serenityjs/entity": "^0.1.0-beta.5",
				"@serenityjs/item": "^0.1.0-beta.8",
				"@serenityjs/logger": "^0.1.0-beta.8",
				"@serenityjs/nbt": "^0.1.0-beta.8",
				"@serenityjs/plugins": "^0.1.0-beta.8",
				"@serenityjs/protocol": "^0.1.0-beta.8",
				"@serenityjs/world": "^0.1.0-beta.8",
				"launcher": "file:../.."
			},
			"devDependencies": {
				"ts-node": "^10.9.2",
				"typescript": "^5.4.2"
			}
		},
		"../..": {
			"version": "1.0.0",
			"dependencies": {
				"@serenityjs/binarystream": "^2.5.2",
				"@serenityjs/block": "0.1.0-beta.8",
				"@serenityjs/command": "0.1.0-beta.8",
				"@serenityjs/data": "0.1.0-beta.8",
				"@serenityjs/emitter": "0.1.0-beta.8",
				"@serenityjs/entity": "0.1.0-beta.8",
				"@serenityjs/item": "0.1.0-beta.8",
				"@serenityjs/logger": "0.1.0-beta.8",
				"@serenityjs/nbt": "0.1.0-beta.8",
				"@serenityjs/network": "0.1.0-beta.8",
				"@serenityjs/plugins": "0.1.0-beta.8",
				"@serenityjs/protocol": "0.1.0-beta.8",
				"@serenityjs/raknet": "0.1.0-beta.8",
				"@serenityjs/world": "0.1.0-beta.8",
				"fast-jwt": "^4.0.0",
				"moment": "^2.30.1",
				"simplex-noise": "^4.0.1",
				"yaml": "^2.4.1"
			},
			"devDependencies": {
				"@serenityjs/chokidar": "0.1.0-beta.8",
				"@serenityjs/eslint-config": "0.1.0-beta.8",
				"@serenityjs/jest-presets": "0.1.0-beta.8",
				"@serenityjs/typescript-config": "0.1.0-beta.8",
				"@types/jest": "^29.5.12",
				"@types/node": "^20.11.24",
				"jest": "^29.7.0",
				"tsup": "^8.0.2",
				"typescript": "^5.4.2"
			}
		},
		"node_modules/@cspotcode/source-map-support": {
			"version": "0.8.1",
			"dev": true,
			"license": "MIT",
			"dependencies": {
				"@jridgewell/trace-mapping": "0.3.9"
			},
			"engines": {
				"node": ">=12"
			}
		},
		"node_modules/@jridgewell/resolve-uri": {
			"version": "3.1.2",
			"dev": true,
			"license": "MIT",
			"engines": {
				"node": ">=6.0.0"
			}
		},
		"node_modules/@jridgewell/sourcemap-codec": {
			"version": "1.4.15",
			"dev": true,
			"license": "MIT"
		},
		"node_modules/@jridgewell/trace-mapping": {
			"version": "0.3.9",
			"dev": true,
			"license": "MIT",
			"dependencies": {
				"@jridgewell/resolve-uri": "^3.0.3",
				"@jridgewell/sourcemap-codec": "^1.4.10"
			}
		},
		"node_modules/@serenityjs/binarystream": {
			"version": "2.5.2",
			"resolved": "https://registry.npmjs.org/@serenityjs/binarystream/-/binarystream-2.5.2.tgz",
			"integrity": "sha512-hK3DT/cK/6lL6KJSkg0EWXM/f0HyRheSuRi9UGmvs7aOQ7Hoa+BvfT0dCX7kByizPmT0AAZ7j8fb7yA2LmF6yA==",
			"engines": {
				"node": ">= 10"
			},
			"optionalDependencies": {
				"@serenityjs/binarystream-darwin-x64": "2.5.2",
				"@serenityjs/binarystream-linux-x64-gnu": "2.5.2",
				"@serenityjs/binarystream-win32-x64-msvc": "2.5.2"
			}
		},
		"node_modules/@serenityjs/binarystream-darwin-x64": {
			"version": "2.5.2",
			"resolved": "https://registry.npmjs.org/@serenityjs/binarystream-darwin-x64/-/binarystream-darwin-x64-2.5.2.tgz",
			"integrity": "sha512-9OiOzu7eQoeCMBJkl9qtQyerJDThajpw9NJVEMexSrNcq+NlkL6upgSOdPU8l9oZzQ6O41QyXAZRc8FEgYhd5Q==",
			"cpu": [
				"x64"
			],
			"optional": true,
			"os": [
				"darwin"
			],
			"engines": {
				"node": ">= 10"
			}
		},
		"node_modules/@serenityjs/binarystream-linux-x64-gnu": {
			"version": "2.5.2",
			"resolved": "https://registry.npmjs.org/@serenityjs/binarystream-linux-x64-gnu/-/binarystream-linux-x64-gnu-2.5.2.tgz",
			"integrity": "sha512-+N5UUZgi+SPa/8IbuVzOSbLdvesQA9/77iPbW/95jyFnze2nGjcRAZaJAKGpV6+JV1hjpq0PczMhRO1BLHK2og==",
			"cpu": [
				"x64"
			],
			"optional": true,
			"os": [
				"linux"
			],
			"engines": {
				"node": ">= 10"
			}
		},
		"node_modules/@serenityjs/binarystream-win32-x64-msvc": {
			"version": "2.5.2",
			"resolved": "https://registry.npmjs.org/@serenityjs/binarystream-win32-x64-msvc/-/binarystream-win32-x64-msvc-2.5.2.tgz",
			"integrity": "sha512-m+cNF84y7Zy4rbQdGxH0iH1RaW612/Kikpqsh7UQLUtSxor4ktV0UykN2lUv/ys0tIMGwxIJG5bbcyyYVBnuVw==",
			"cpu": [
				"x64"
			],
			"optional": true,
			"os": [
				"win32"
			],
			"engines": {
				"node": ">= 10"
			}
		},
		"node_modules/@serenityjs/block": {
			"version": "0.1.0-beta.8",
			"resolved": "https://registry.npmjs.org/@serenityjs/block/-/block-0.1.0-beta.8.tgz",
			"integrity": "sha512-qK+4wOHm2DXi40BX7UCPfIAMl5o45XxFTaVtb04uzh213lQqTV8lSjcftHWm/cUVlkTPMFnDH8v7u9rqzWaLSg==",
			"dependencies": {
				"@serenityjs/binarystream": "^2.5.2",
				"@serenityjs/data": "0.1.0-beta.8",
				"@serenityjs/nbt": "0.1.0-beta.8"
			}
		},
		"node_modules/@serenityjs/command": {
			"version": "0.1.0-beta.8",
			"resolved": "https://registry.npmjs.org/@serenityjs/command/-/command-0.1.0-beta.8.tgz",
			"integrity": "sha512-lGEoN1s4nIsPthHViL4ZtEOzeHsRfoGWITUKNENE5a4YUDjwOBHQVlmMRA2UtWQ5jwnJIQMIJlNLHuAUJM4dfA==",
			"dependencies": {
				"@serenityjs/logger": "0.1.0-beta.8",
				"@serenityjs/world": "0.1.0-beta.8"
			}
		},
		"node_modules/@serenityjs/data": {
			"version": "0.1.0-beta.8",
			"resolved": "https://registry.npmjs.org/@serenityjs/data/-/data-0.1.0-beta.8.tgz",
			"integrity": "sha512-vQz/Zq6jONwcd9QtDC4k750Mv6v2Hvd+qH5isJJNnESsAt5ThO2pyxobyDlmO+fbjZf4SJf8BixRfrDAhzCAxg=="
		},
		"node_modules/@serenityjs/emitter": {
			"version": "0.1.0-beta.8",
			"resolved": "https://registry.npmjs.org/@serenityjs/emitter/-/emitter-0.1.0-beta.8.tgz",
			"integrity": "sha512-gkFgGniosfKnOvHIA/ud2Tprni/+0Kcki7Hs4Xv+i5ODoMtVhGnc8BL9RAFmYKL+RTdsRLImbgk+U4PxIveAMQ=="
		},
		"node_modules/@serenityjs/entity": {
			"version": "0.1.0-beta.5",
			"resolved": "https://registry.npmjs.org/@serenityjs/entity/-/entity-0.1.0-beta.5.tgz",
			"integrity": "sha512-gFKAVNEF1VuP9xb4tiMfUCzXOW7DeU7ADVlwBONTX4Ut6QrWkqbs6ZnccGMHVbqfMUVJ75Hd3otgjK8TzdHT+g==",
			"dependencies": {
				"@serenityjs/data": "0.1.0-beta.5"
			}
		},
		"node_modules/@serenityjs/entity/node_modules/@serenityjs/data": {
			"version": "0.1.0-beta.5",
			"resolved": "https://registry.npmjs.org/@serenityjs/data/-/data-0.1.0-beta.5.tgz",
			"integrity": "sha512-B4Vjn+IIvehnadDNYuAjlTbfdP7KekmkA9AWe1NLZfCqpjHUTxjaGHWr5X9Y6Gs59WynSuWfXhEnJXAOA0Dn+g=="
		},
		"node_modules/@serenityjs/item": {
			"version": "0.1.0-beta.8",
			"resolved": "https://registry.npmjs.org/@serenityjs/item/-/item-0.1.0-beta.8.tgz",
			"integrity": "sha512-HxKR42rBAlzEHgp+IQSMulSj7KJbktZdvY3fYnmZthtcSQolFU0HtFJLzDC14wnIkrioFPWZvhlWnVliKH71Iw==",
			"dependencies": {
				"@serenityjs/binarystream": "^2.5.2",
				"@serenityjs/block": "0.1.0-beta.8",
				"@serenityjs/data": "0.1.0-beta.8",
				"@serenityjs/nbt": "0.1.0-beta.8",
				"@serenityjs/protocol": "0.1.0-beta.8"
			}
		},
		"node_modules/@serenityjs/logger": {
			"version": "0.1.0-beta.8",
			"resolved": "https://registry.npmjs.org/@serenityjs/logger/-/logger-0.1.0-beta.8.tgz",
			"integrity": "sha512-jNrAItCt6D8XcTVap80n1LyYbY1OpyoxaMn78HrVouQkKbxe1ZmqomnZv3J4E0tkQJQKaok0u8yyrzLeGl2PkA==",
			"dependencies": {
				"colorette": "^2.0.20"
			}
		},
		"node_modules/@serenityjs/nbt": {
			"version": "0.1.0-beta.8",
			"resolved": "https://registry.npmjs.org/@serenityjs/nbt/-/nbt-0.1.0-beta.8.tgz",
			"integrity": "sha512-E1m/SZC9H5kagF0yK/2zhi+/U6cirrwcuwXOYPN+YsWVWozFZ02M3NB5umIxmjKVo7eKvc86TtIdRsiYlWS0cg==",
			"dependencies": {
				"@serenityjs/binarystream": "^2.5.2"
			}
		},
		"node_modules/@serenityjs/network": {
			"version": "0.1.0-beta.8",
			"resolved": "https://registry.npmjs.org/@serenityjs/network/-/network-0.1.0-beta.8.tgz",
			"integrity": "sha512-KYmiPYZvQI3UDzshtYLLngEyA3tfvzkLUiAvnEJCe7NMTIge89anj02fQHL2sso2j+3Y+DVURnXI+aqoM8gqWQ==",
			"dependencies": {
				"@serenityjs/emitter": "0.1.0-beta.8",
				"@serenityjs/logger": "0.1.0-beta.8",
				"@serenityjs/protocol": "0.1.0-beta.8",
				"@serenityjs/raknet": "0.1.0-beta.8"
			}
		},
		"node_modules/@serenityjs/plugins": {
			"version": "0.1.0-beta.8",
			"resolved": "https://registry.npmjs.org/@serenityjs/plugins/-/plugins-0.1.0-beta.8.tgz",
			"integrity": "sha512-roOy+yAQYDMAvlY5S7tnFQADp7kvNTuguxiiHEy2ePb9Ngg8l8oY0UTNQsJA594t+TGD6Z8vo4sMBuZfRs2mFQ==",
			"dependencies": {
				"@serenityjs/logger": "0.1.0-beta.8"
			}
		},
		"node_modules/@serenityjs/protocol": {
			"version": "0.1.0-beta.8",
			"resolved": "https://registry.npmjs.org/@serenityjs/protocol/-/protocol-0.1.0-beta.8.tgz",
			"integrity": "sha512-/UBTWqx8osuTpiQf2pv4OnCWEyx31bDls8nzcsdEMWkUC2AY7AdPeRPi6NeVBK7ngdXVWNB//dcDM3x3d75uCg==",
			"dependencies": {
				"@serenityjs/binarystream": "^2.5.2",
				"@serenityjs/nbt": "0.1.0-beta.8",
				"@serenityjs/raknet": "0.1.0-beta.8"
			}
		},
		"node_modules/@serenityjs/raknet": {
			"version": "0.1.0-beta.8",
			"resolved": "https://registry.npmjs.org/@serenityjs/raknet/-/raknet-0.1.0-beta.8.tgz",
			"integrity": "sha512-YGAhkbu5ihz+OB7DAkCtqjnBhiTZR5j2Z8PIGr6rKAOpuqsgOAqzseyDJz2X+H8OS6q6FBLXRNyszMqd7mhc0Q==",
			"dependencies": {
				"@serenityjs/binarystream": "^2.5.2",
				"@serenityjs/emitter": "0.1.0-beta.8",
				"@serenityjs/logger": "0.1.0-beta.8",
				"reflect-metadata": "^0.2.1"
			}
		},
		"node_modules/@serenityjs/world": {
			"version": "0.1.0-beta.8",
			"resolved": "https://registry.npmjs.org/@serenityjs/world/-/world-0.1.0-beta.8.tgz",
			"integrity": "sha512-iWB3cK4yNS8zOhddejUQO8o9zDIXDolyf/IOdX9fNUrwDzOmanVBynUHfte3sK0vgwJWFL+H0k7pdpRChjFdow==",
			"dependencies": {
				"@serenityjs/binarystream": "^2.5.2",
				"@serenityjs/block": "0.1.0-beta.8",
				"@serenityjs/data": "0.1.0-beta.8",
				"@serenityjs/emitter": "0.1.0-beta.8",
				"@serenityjs/entity": "0.1.0-beta.8",
				"@serenityjs/item": "0.1.0-beta.8",
				"@serenityjs/logger": "0.1.0-beta.8",
				"@serenityjs/nbt": "0.1.0-beta.8",
				"@serenityjs/network": "0.1.0-beta.8",
				"@serenityjs/protocol": "0.1.0-beta.8",
				"simplex-noise": "^4.0.1"
			}
		},
		"node_modules/@serenityjs/world/node_modules/@serenityjs/entity": {
			"version": "0.1.0-beta.8",
			"resolved": "https://registry.npmjs.org/@serenityjs/entity/-/entity-0.1.0-beta.8.tgz",
			"integrity": "sha512-aHhvZcBp3Fy2b1e75e2OygZ4hO/Nfhe5Jg8ea3p/T2Qp6cnU8vlVSvp1uW+8Fp/EdnEMrBbmZwahsqDwzG9EQA==",
			"dependencies": {
				"@serenityjs/data": "0.1.0-beta.8"
			}
		},
		"node_modules/@tsconfig/node10": {
			"version": "1.0.11",
			"dev": true,
			"license": "MIT"
		},
		"node_modules/@tsconfig/node12": {
			"version": "1.0.11",
			"dev": true,
			"license": "MIT"
		},
		"node_modules/@tsconfig/node14": {
			"version": "1.0.3",
			"dev": true,
			"license": "MIT"
		},
		"node_modules/@tsconfig/node16": {
			"version": "1.0.4",
			"dev": true,
			"license": "MIT"
		},
		"node_modules/@types/node": {
			"version": "20.12.7",
			"resolved": "https://registry.npmjs.org/@types/node/-/node-20.12.7.tgz",
			"integrity": "sha512-wq0cICSkRLVaf3UGLMGItu/PtdY7oaXaI/RVU+xliKVOtRna3PRY57ZDfztpDL0n11vfymMUnXv8QwYCO7L1wg==",
			"dev": true,
			"peer": true,
			"dependencies": {
				"undici-types": "~5.26.4"
			}
		},
		"node_modules/acorn": {
			"version": "8.11.3",
			"dev": true,
			"license": "MIT",
			"bin": {
				"acorn": "bin/acorn"
			},
			"engines": {
				"node": ">=0.4.0"
			}
		},
		"node_modules/acorn-walk": {
			"version": "8.3.2",
			"dev": true,
			"license": "MIT",
			"engines": {
				"node": ">=0.4.0"
			}
		},
		"node_modules/arg": {
			"version": "4.1.3",
			"dev": true,
			"license": "MIT"
		},
		"node_modules/colorette": {
			"version": "2.0.20",
			"resolved": "https://registry.npmjs.org/colorette/-/colorette-2.0.20.tgz",
			"integrity": "sha512-IfEDxwoWIjkeXL1eXcDiow4UbKjhLdq6/EuSVR9GMN7KVH3r9gQ83e73hsz1Nd1T3ijd5xv1wcWRYO+D6kCI2w=="
		},
		"node_modules/create-require": {
			"version": "1.1.1",
			"dev": true,
			"license": "MIT"
		},
		"node_modules/diff": {
			"version": "4.0.2",
			"dev": true,
			"license": "BSD-3-Clause",
			"engines": {
				"node": ">=0.3.1"
			}
		},
		"node_modules/launcher": {
			"resolved": "../..",
			"link": true
		},
		"node_modules/make-error": {
			"version": "1.3.6",
			"dev": true,
			"license": "ISC"
		},
		"node_modules/reflect-metadata": {
			"version": "0.2.2",
			"resolved": "https://registry.npmjs.org/reflect-metadata/-/reflect-metadata-0.2.2.tgz",
			"integrity": "sha512-urBwgfrvVP/eAyXx4hluJivBKzuEbSQs9rKWCrCkbSxNv8mxPcUZKeuoF3Uy4mJl3Lwprp6yy5/39VWigZ4K6Q=="
		},
		"node_modules/simplex-noise": {
			"version": "4.0.1",
			"resolved": "https://registry.npmjs.org/simplex-noise/-/simplex-noise-4.0.1.tgz",
			"integrity": "sha512-zl/+bdSqW7HJOQ0oDbxrNYaF4F5ik0i7M6YOYmEoIJNtg16NpvWaTTM1Y7oV/7T0jFljawLgYPS81Uu2rsfo1A=="
		},
		"node_modules/ts-node": {
			"version": "10.9.2",
			"dev": true,
			"license": "MIT",
			"dependencies": {
				"@cspotcode/source-map-support": "^0.8.0",
				"@tsconfig/node10": "^1.0.7",
				"@tsconfig/node12": "^1.0.7",
				"@tsconfig/node14": "^1.0.0",
				"@tsconfig/node16": "^1.0.2",
				"acorn": "^8.4.1",
				"acorn-walk": "^8.1.1",
				"arg": "^4.1.0",
				"create-require": "^1.1.0",
				"diff": "^4.0.1",
				"make-error": "^1.1.1",
				"v8-compile-cache-lib": "^3.0.1",
				"yn": "3.1.1"
			},
			"bin": {
				"ts-node": "dist/bin.js",
				"ts-node-cwd": "dist/bin-cwd.js",
				"ts-node-esm": "dist/bin-esm.js",
				"ts-node-script": "dist/bin-script.js",
				"ts-node-transpile-only": "dist/bin-transpile.js",
				"ts-script": "dist/bin-script-deprecated.js"
			},
			"peerDependencies": {
				"@swc/core": ">=1.2.50",
				"@swc/wasm": ">=1.2.50",
				"@types/node": "*",
				"typescript": ">=2.7"
			},
			"peerDependenciesMeta": {
				"@swc/core": {
					"optional": true
				},
				"@swc/wasm": {
					"optional": true
				}
			}
		},
		"node_modules/typescript": {
			"version": "5.4.5",
			"dev": true,
			"license": "Apache-2.0",
			"bin": {
				"tsc": "bin/tsc",
				"tsserver": "bin/tsserver"
			},
			"engines": {
				"node": ">=14.17"
			}
		},
		"node_modules/undici-types": {
			"version": "5.26.5",
			"resolved": "https://registry.npmjs.org/undici-types/-/undici-types-5.26.5.tgz",
			"integrity": "sha512-JlCMO+ehdEIKqlFxk6IfVoAUVmgz7cU7zD/h9XZ0qzeosSHmUJVOzSQvvYSYWXkFXC+IfLKSIffhv0sVZup6pA==",
			"dev": true,
			"peer": true
		},
		"node_modules/v8-compile-cache-lib": {
			"version": "3.0.1",
			"dev": true,
			"license": "MIT"
		},
		"node_modules/yn": {
			"version": "3.1.1",
			"dev": true,
			"license": "MIT",
			"engines": {
				"node": ">=6"
			}
		}
	}
}
